
Microsoft Visual Studio Solution File, Format Version 12.00
# Visual Studio Version 17
VisualStudioVersion = 17.0.31919.166
MinimumVisualStudioVersion = 10.0.40219.1
Project("{2150E333-8FDC-42A3-9474-1A3956D46DE8}") = "Services", "Services", "{B5E96723-0BAE-4868-9F2B-1BF5E94FC76B}"
EndProject
Project("{2150E333-8FDC-42A3-9474-1A3956D46DE8}") = "Catalog", "Catalog", "{48CA4D25-B315-4159-8370-374D50F51772}"
EndProject
Project("{9A19103F-16F7-4668-BE54-9A1E7A4F7556}") = "Catalog.API", "Services\Catalog\Catalog.API\Catalog.API.csproj", "{73C28CCB-7AD1-4FF5-8D52-7F4A77571663}"
EndProject
Project("{E53339B2-1760-4266-BCC7-CA923CBCF16C}") = "docker-compose", "docker-compose.dcproj", "{70AE0247-45C2-4102-9F3A-79689B8BCA4A}"
EndProject
Project("{2150E333-8FDC-42A3-9474-1A3956D46DE8}") = "Basket", "Basket", "{E40E28E2-1F4C-4745-BA45-B9138549EB8B}"
EndProject
Project("{9A19103F-16F7-4668-BE54-9A1E7A4F7556}") = "Basket.API", "Services\Basket\Basket.API\Basket.API.csproj", "{4E450D7D-E549-4D60-8950-18F3E360D266}"
EndProject
Project("{2150E333-8FDC-42A3-9474-1A3956D46DE8}") = "Discount", "Discount", "{472AE7DC-2CD2-4023-BD25-F18A83D30543}"
EndProject
Project("{9A19103F-16F7-4668-BE54-9A1E7A4F7556}") = "Discount.API", "Services\Discount\Discount.API\Discount.API.csproj", "{E5AFC394-29D9-4E79-9FF9-E3889A18D5D9}"
EndProject
Project("{9A19103F-16F7-4668-BE54-9A1E7A4F7556}") = "Discount.Grpc", "Services\Discount\Discount.Grpc\Discount.Grpc.csproj", "{FD452F21-8B40-43CB-849E-C055B7309D6D}"
EndProject
Project("{2150E333-8FDC-42A3-9474-1A3956D46DE8}") = "Ordering", "Ordering", "{DE568E23-A616-4E36-935D-53953D7EDD26}"
EndProject
Project("{9A19103F-16F7-4668-BE54-9A1E7A4F7556}") = "Ordering.API", "Services\Ordering\Ordering.API\Ordering.API.csproj", "{82F9595B-8A08-4F64-B783-9E56C5644945}"
EndProject
Project("{9A19103F-16F7-4668-BE54-9A1E7A4F7556}") = "Ordering.Domain", "Services\Ordering\Ordering.Domain\Ordering.Domain.csproj", "{BDF38EB1-B9C3-4BAB-8278-000D11F1F640}"
EndProject
Project("{9A19103F-16F7-4668-BE54-9A1E7A4F7556}") = "Ordering.Infrastructure", "Services\Ordering\Ordering.Infrastructure\Ordering.Infrastructure.csproj", "{0E7F6711-F35B-4DF1-84B5-0E40E3FC9ACF}"
EndProject
Project("{9A19103F-16F7-4668-BE54-9A1E7A4F7556}") = "Ordering.Application", "Services\Ordering\Ordering.Application\Ordering.Application.csproj", "{91361DAC-97FA-4CC9-8683-00C3F7681B9E}"
EndProject
Project("{2150E333-8FDC-42A3-9474-1A3956D46DE8}") = "BuildingBlocks", "BuildingBlocks", "{E1FCB758-584A-4427-978D-CC0E11852C1D}"
EndProject
Project("{9A19103F-16F7-4668-BE54-9A1E7A4F7556}") = "EventBus.Messages", "BuildingBlocks\EventBus.Messages\EventBus.Messages.csproj", "{CC990000-1DE5-45B5-8B68-02CFADE64E5A}"
EndProject
Project("{2150E333-8FDC-42A3-9474-1A3956D46DE8}") = "ApiGateways", "ApiGateways", "{742B3CEC-DDA8-4229-960E-AF9841A9FD51}"
EndProject
Project("{9A19103F-16F7-4668-BE54-9A1E7A4F7556}") = "OcelotApiGw", "ApiGateways\OcelotApiGw\OcelotApiGw.csproj", "{C608CF26-F5E9-4B86-9BC9-1606BDBB4818}"
EndProject
Project("{9A19103F-16F7-4668-BE54-9A1E7A4F7556}") = "Shopping.Aggregator", "ApiGateways\Shopping.Aggregator\Shopping.Aggregator.csproj", "{384C94D8-0997-48A2-BDDB-A1C78C80CF4D}"
EndProject
Project("{2150E333-8FDC-42A3-9474-1A3956D46DE8}") = "WebApps", "WebApps", "{56CCD02E-CA51-4E84-B191-F3E0CE900CD7}"
EndProject
Project("{9A19103F-16F7-4668-BE54-9A1E7A4F7556}") = "AspnetRunBasics", "WebApps\AspnetRunBasics\AspnetRunBasics.csproj", "{C3775A8C-0249-41AB-9361-7FFB156D29D7}"
EndProject
Global
	GlobalSection(SolutionConfigurationPlatforms) = preSolution
		Debug|Any CPU = Debug|Any CPU
		Release|Any CPU = Release|Any CPU
	EndGlobalSection
	GlobalSection(ProjectConfigurationPlatforms) = postSolution
		{73C28CCB-7AD1-4FF5-8D52-7F4A77571663}.Debug|Any CPU.ActiveCfg = Debug|Any CPU
		{73C28CCB-7AD1-4FF5-8D52-7F4A77571663}.Debug|Any CPU.Build.0 = Debug|Any CPU
		{73C28CCB-7AD1-4FF5-8D52-7F4A77571663}.Release|Any CPU.ActiveCfg = Release|Any CPU
		{73C28CCB-7AD1-4FF5-8D52-7F4A77571663}.Release|Any CPU.Build.0 = Release|Any CPU
		{70AE0247-45C2-4102-9F3A-79689B8BCA4A}.Debug|Any CPU.ActiveCfg = Debug|Any CPU
		{70AE0247-45C2-4102-9F3A-79689B8BCA4A}.Debug|Any CPU.Build.0 = Debug|Any CPU
		{70AE0247-45C2-4102-9F3A-79689B8BCA4A}.Release|Any CPU.ActiveCfg = Release|Any CPU
		{70AE0247-45C2-4102-9F3A-79689B8BCA4A}.Release|Any CPU.Build.0 = Release|Any CPU
		{4E450D7D-E549-4D60-8950-18F3E360D266}.Debug|Any CPU.ActiveCfg = Debug|Any CPU
		{4E450D7D-E549-4D60-8950-18F3E360D266}.Debug|Any CPU.Build.0 = Debug|Any CPU
		{4E450D7D-E549-4D60-8950-18F3E360D266}.Release|Any CPU.ActiveCfg = Release|Any CPU
		{4E450D7D-E549-4D60-8950-18F3E360D266}.Release|Any CPU.Build.0 = Release|Any CPU
		{E5AFC394-29D9-4E79-9FF9-E3889A18D5D9}.Debug|Any CPU.ActiveCfg = Debug|Any CPU
		{E5AFC394-29D9-4E79-9FF9-E3889A18D5D9}.Debug|Any CPU.Build.0 = Debug|Any CPU
		{E5AFC394-29D9-4E79-9FF9-E3889A18D5D9}.Release|Any CPU.ActiveCfg = Release|Any CPU
		{E5AFC394-29D9-4E79-9FF9-E3889A18D5D9}.Release|Any CPU.Build.0 = Release|Any CPU
		{FD452F21-8B40-43CB-849E-C055B7309D6D}.Debug|Any CPU.ActiveCfg = Debug|Any CPU
		{FD452F21-8B40-43CB-849E-C055B7309D6D}.Debug|Any CPU.Build.0 = Debug|Any CPU
		{FD452F21-8B40-43CB-849E-C055B7309D6D}.Release|Any CPU.ActiveCfg = Release|Any CPU
		{FD452F21-8B40-43CB-849E-C055B7309D6D}.Release|Any CPU.Build.0 = Release|Any CPU
		{82F9595B-8A08-4F64-B783-9E56C5644945}.Debug|Any CPU.ActiveCfg = Debug|Any CPU
		{82F9595B-8A08-4F64-B783-9E56C5644945}.Debug|Any CPU.Build.0 = Debug|Any CPU
		{82F9595B-8A08-4F64-B783-9E56C5644945}.Release|Any CPU.ActiveCfg = Release|Any CPU
		{82F9595B-8A08-4F64-B783-9E56C5644945}.Release|Any CPU.Build.0 = Release|Any CPU
		{BDF38EB1-B9C3-4BAB-8278-000D11F1F640}.Debug|Any CPU.ActiveCfg = Debug|Any CPU
		{BDF38EB1-B9C3-4BAB-8278-000D11F1F640}.Debug|Any CPU.Build.0 = Debug|Any CPU
		{BDF38EB1-B9C3-4BAB-8278-000D11F1F640}.Release|Any CPU.ActiveCfg = Release|Any CPU
		{BDF38EB1-B9C3-4BAB-8278-000D11F1F640}.Release|Any CPU.Build.0 = Release|Any CPU
		{0E7F6711-F35B-4DF1-84B5-0E40E3FC9ACF}.Debug|Any CPU.ActiveCfg = Debug|Any CPU
		{0E7F6711-F35B-4DF1-84B5-0E40E3FC9ACF}.Debug|Any CPU.Build.0 = Debug|Any CPU
		{0E7F6711-F35B-4DF1-84B5-0E40E3FC9ACF}.Release|Any CPU.ActiveCfg = Release|Any CPU
		{0E7F6711-F35B-4DF1-84B5-0E40E3FC9ACF}.Release|Any CPU.Build.0 = Release|Any CPU
		{91361DAC-97FA-4CC9-8683-00C3F7681B9E}.Debug|Any CPU.ActiveCfg = Debug|Any CPU
		{91361DAC-97FA-4CC9-8683-00C3F7681B9E}.Debug|Any CPU.Build.0 = Debug|Any CPU
		{91361DAC-97FA-4CC9-8683-00C3F7681B9E}.Release|Any CPU.ActiveCfg = Release|Any CPU
		{91361DAC-97FA-4CC9-8683-00C3F7681B9E}.Release|Any CPU.Build.0 = Release|Any CPU
		{CC990000-1DE5-45B5-8B68-02CFADE64E5A}.Debug|Any CPU.ActiveCfg = Debug|Any CPU
		{CC990000-1DE5-45B5-8B68-02CFADE64E5A}.Debug|Any CPU.Build.0 = Debug|Any CPU
		{CC990000-1DE5-45B5-8B68-02CFADE64E5A}.Release|Any CPU.ActiveCfg = Release|Any CPU
		{CC990000-1DE5-45B5-8B68-02CFADE64E5A}.Release|Any CPU.Build.0 = Release|Any CPU
		{C608CF26-F5E9-4B86-9BC9-1606BDBB4818}.Debug|Any CPU.ActiveCfg = Debug|Any CPU
		{C608CF26-F5E9-4B86-9BC9-1606BDBB4818}.Debug|Any CPU.Build.0 = Debug|Any CPU
		{C608CF26-F5E9-4B86-9BC9-1606BDBB4818}.Release|Any CPU.ActiveCfg = Release|Any CPU
		{C608CF26-F5E9-4B86-9BC9-1606BDBB4818}.Release|Any CPU.Build.0 = Release|Any CPU
		{384C94D8-0997-48A2-BDDB-A1C78C80CF4D}.Debug|Any CPU.ActiveCfg = Debug|Any CPU
		{384C94D8-0997-48A2-BDDB-A1C78C80CF4D}.Debug|Any CPU.Build.0 = Debug|Any CPU
		{384C94D8-0997-48A2-BDDB-A1C78C80CF4D}.Release|Any CPU.ActiveCfg = Release|Any CPU
		{384C94D8-0997-48A2-BDDB-A1C78C80CF4D}.Release|Any CPU.Build.0 = Release|Any CPU
		{C3775A8C-0249-41AB-9361-7FFB156D29D7}.Debug|Any CPU.ActiveCfg = Debug|Any CPU
		{C3775A8C-0249-41AB-9361-7FFB156D29D7}.Debug|Any CPU.Build.0 = Debug|Any CPU
		{C3775A8C-0249-41AB-9361-7FFB156D29D7}.Release|Any CPU.ActiveCfg = Release|Any CPU
		{C3775A8C-0249-41AB-9361-7FFB156D29D7}.Release|Any CPU.Build.0 = Release|Any CPU
	EndGlobalSection
	GlobalSection(SolutionProperties) = preSolution
		HideSolutionNode = FALSE
	EndGlobalSection
	GlobalSection(NestedProjects) = preSolution
		{48CA4D25-B315-4159-8370-374D50F51772} = {B5E96723-0BAE-4868-9F2B-1BF5E94FC76B}
		{73C28CCB-7AD1-4FF5-8D52-7F4A77571663} = {48CA4D25-B315-4159-8370-374D50F51772}
		{E40E28E2-1F4C-4745-BA45-B9138549EB8B} = {B5E96723-0BAE-4868-9F2B-1BF5E94FC76B}
		{4E450D7D-E549-4D60-8950-18F3E360D266} = {E40E28E2-1F4C-4745-BA45-B9138549EB8B}
		{472AE7DC-2CD2-4023-BD25-F18A83D30543} = {B5E96723-0BAE-4868-9F2B-1BF5E94FC76B}
		{E5AFC394-29D9-4E79-9FF9-E3889A18D5D9} = {472AE7DC-2CD2-4023-BD25-F18A83D30543}
		{FD452F21-8B40-43CB-849E-C055B7309D6D} = {472AE7DC-2CD2-4023-BD25-F18A83D30543}
		{DE568E23-A616-4E36-935D-53953D7EDD26} = {B5E96723-0BAE-4868-9F2B-1BF5E94FC76B}
		{82F9595B-8A08-4F64-B783-9E56C5644945} = {DE568E23-A616-4E36-935D-53953D7EDD26}
		{BDF38EB1-B9C3-4BAB-8278-000D11F1F640} = {DE568E23-A616-4E36-935D-53953D7EDD26}
		{0E7F6711-F35B-4DF1-84B5-0E40E3FC9ACF} = {DE568E23-A616-4E36-935D-53953D7EDD26}
		{91361DAC-97FA-4CC9-8683-00C3F7681B9E} = {DE568E23-A616-4E36-935D-53953D7EDD26}
		{CC990000-1DE5-45B5-8B68-02CFADE64E5A} = {E1FCB758-584A-4427-978D-CC0E11852C1D}
		{C608CF26-F5E9-4B86-9BC9-1606BDBB4818} = {742B3CEC-DDA8-4229-960E-AF9841A9FD51}
		{384C94D8-0997-48A2-BDDB-A1C78C80CF4D} = {742B3CEC-DDA8-4229-960E-AF9841A9FD51}
		{C3775A8C-0249-41AB-9361-7FFB156D29D7} = {56CCD02E-CA51-4E84-B191-F3E0CE900CD7}
	EndGlobalSection
	GlobalSection(ExtensibilityGlobals) = postSolution
		SolutionGuid = {5FB8B54A-459E-4196-B4E9-09D97B294448}
	EndGlobalSection
EndGlobal
